<?xml version="1.0" encoding="utf-8"?>
<Project ToolsVersion="4.0" xmlns="http://schemas.microsoft.com/developer/msbuild/2003">
  <ItemGroup>
    <Filter Include="Source Files">
      <UniqueIdentifier>{4FC737F1-C7A5-4376-A066-2A32D752A2FF}</UniqueIdentifier>
      <Extensions>cpp;c;cc;cxx;c++;def;odl;idl;hpj;bat;asm;asmx</Extensions>
    </Filter>
    <Filter Include="Header Files">
      <UniqueIdentifier>{93995380-89BD-4b04-88EB-625FBE52EBFB}</UniqueIdentifier>
      <Extensions>h;hh;hpp;hxx;h++;hm;inl;inc;ipp;xsd</Extensions>
    </Filter>
    <Filter Include="Header Files\Utility">
      <UniqueIdentifier>{c9b91d4f-955f-4d6d-8a6f-cb7d690b061d}</UniqueIdentifier>
    </Filter>
    <Filter Include="Source Files\Logic">
      <UniqueIdentifier>{b8e9c928-b43f-4a5b-8251-c4d8901c22c6}</UniqueIdentifier>
    </Filter>
    <Filter Include="Source Files\Rendering">
      <UniqueIdentifier>{22954694-bc76-4818-88d5-893714e3ee46}</UniqueIdentifier>
    </Filter>
    <Filter Include="Shaders">
      <UniqueIdentifier>{9832f8e1-276b-4589-aacb-f0b4cd83bede}</UniqueIdentifier>
    </Filter>
    <Filter Include="Source Files\Application">
      <UniqueIdentifier>{38d91960-05e1-43b6-a03b-f675d3f275e7}</UniqueIdentifier>
    </Filter>
    <Filter Include="Source Files\Application\Input">
      <UniqueIdentifier>{71cb3a25-df88-438d-b16a-855c1d885a9e}</UniqueIdentifier>
    </Filter>
    <Filter Include="Source Files\Logic\Components">
      <UniqueIdentifier>{78cc53ee-2770-4ddb-9a2c-c50e9cfc9c87}</UniqueIdentifier>
    </Filter>
    <Filter Include="Source Files\Rendering\ImGUI">
      <UniqueIdentifier>{a4edee8e-d46d-4068-b627-add386a7b7cf}</UniqueIdentifier>
    </Filter>
    <Filter Include="Source Files\Rendering\RenderObject">
      <UniqueIdentifier>{7b1d7be3-afc9-4130-acf7-0a59fc8891db}</UniqueIdentifier>
    </Filter>
    <Filter Include="Header Files\Resource Files">
      <UniqueIdentifier>{67DA6AB6-F800-4c08-8B7A-83BB121AAD01}</UniqueIdentifier>
      <Extensions>rc;ico;cur;bmp;dlg;rc2;rct;bin;rgs;gif;jpg;jpeg;jpe;resx;tiff;tif;png;wav;mfcribbon-ms</Extensions>
    </Filter>
  </ItemGroup>
  <ItemGroup>
    <ClInclude Include="pch.h">
      <Filter>Header Files</Filter>
    </ClInclude>
    <ClInclude Include="DebugDraw.h">
      <Filter>Header Files\Utility</Filter>
    </ClInclude>
    <ClInclude Include="Timer.h">
      <Filter>Header Files\Utility</Filter>
    </ClInclude>
    <ClInclude Include="resource.h">
      <Filter>Header Files\Resource Files</Filter>
    </ClInclude>
    <ClInclude Include="InputHandler.h">
      <Filter>Source Files\Application\Input</Filter>
    </ClInclude>
    <ClInclude Include="KeyboardHandler.h">
      <Filter>Source Files\Application\Input</Filter>
    </ClInclude>
    <ClInclude Include="MouseHandler.h">
      <Filter>Source Files\Application\Input</Filter>
    </ClInclude>
    <ClInclude Include="KeyCodes.h">
      <Filter>Source Files\Application\Input</Filter>
    </ClInclude>
    <ClInclude Include="dirent.h">
      <Filter>Header Files\Utility</Filter>
    </ClInclude>
    <ClInclude Include="MathUtilities.h">
      <Filter>Header Files\Utility</Filter>
    </ClInclude>
    <ClInclude Include="StringUtilities.h">
      <Filter>Header Files\Utility</Filter>
    </ClInclude>
    <ClInclude Include="Application.h">
      <Filter>Source Files\Application</Filter>
    </ClInclude>
    <ClInclude Include="ResourceHandler.h">
      <Filter>Source Files\Application</Filter>
    </ClInclude>
    <ClInclude Include="CameraObject.h">
      <Filter>Source Files\Logic</Filter>
    </ClInclude>
    <ClInclude Include="GameObject.h">
      <Filter>Source Files\Logic</Filter>
    </ClInclude>
    <ClInclude Include="GameState.h">
      <Filter>Source Files\Logic</Filter>
    </ClInclude>
    <ClInclude Include="MapHandler.h">
      <Filter>Source Files\Logic</Filter>
    </ClInclude>
    <ClInclude Include="Buffer.h">
      <Filter>Source Files\Rendering</Filter>
    </ClInclude>
    <ClInclude Include="Camera.h">
      <Filter>Source Files\Rendering</Filter>
    </ClInclude>
    <ClInclude Include="ConstantBufferStructs.h">
      <Filter>Source Files\Rendering</Filter>
    </ClInclude>
    <ClInclude Include="LightManager.h">
      <Filter>Source Files\Rendering</Filter>
    </ClInclude>
    <ClInclude Include="ParticleSystem.h">
      <Filter>Source Files\Rendering</Filter>
    </ClInclude>
    <ClInclude Include="RenderHandler.h">
      <Filter>Source Files\Rendering</Filter>
    </ClInclude>
    <ClInclude Include="Shaders.h">
      <Filter>Source Files\Rendering</Filter>
    </ClInclude>
    <ClInclude Include="ShadowMapInstance.h">
      <Filter>Source Files\Rendering</Filter>
    </ClInclude>
    <ClInclude Include="Skybox.h">
      <Filter>Source Files\Rendering</Filter>
    </ClInclude>
    <ClInclude Include="VertexTypeList.h">
      <Filter>Source Files\Rendering</Filter>
    </ClInclude>
    <ClInclude Include="Includes\imGUI\imconfig.h">
      <Filter>Source Files\Rendering\ImGUI</Filter>
    </ClInclude>
    <ClInclude Include="Includes\imGUI\imfilebrowser.h">
      <Filter>Source Files\Rendering\ImGUI</Filter>
    </ClInclude>
    <ClInclude Include="Includes\imGUI\imgui.h">
      <Filter>Source Files\Rendering\ImGUI</Filter>
    </ClInclude>
    <ClInclude Include="Includes\imGUI\imgui_impl_dx11.h">
      <Filter>Source Files\Rendering\ImGUI</Filter>
    </ClInclude>
    <ClInclude Include="Includes\imGUI\imgui_impl_win32.h">
      <Filter>Source Files\Rendering\ImGUI</Filter>
    </ClInclude>
    <ClInclude Include="Includes\imGUI\imgui_internal.h">
      <Filter>Source Files\Rendering\ImGUI</Filter>
    </ClInclude>
    <ClInclude Include="Includes\imGUI\imstb_rectpack.h">
      <Filter>Source Files\Rendering\ImGUI</Filter>
    </ClInclude>
    <ClInclude Include="Includes\imGUI\imstb_textedit.h">
      <Filter>Source Files\Rendering\ImGUI</Filter>
    </ClInclude>
    <ClInclude Include="Includes\imGUI\imstb_truetype.h">
      <Filter>Source Files\Rendering\ImGUI</Filter>
    </ClInclude>
    <ClInclude Include="Material.h">
      <Filter>Source Files\Rendering\RenderObject</Filter>
    </ClInclude>
    <ClInclude Include="MaterialPBR.h">
      <Filter>Source Files\Rendering\RenderObject</Filter>
    </ClInclude>
    <ClInclude Include="Mesh.h">
      <Filter>Source Files\Rendering\RenderObject</Filter>
    </ClInclude>
    <ClInclude Include="Model.h">
      <Filter>Source Files\Rendering\RenderObject</Filter>
    </ClInclude>
    <ClInclude Include="RenderObject.h">
      <Filter>Source Files\Rendering\RenderObject</Filter>
    </ClInclude>
    <ClInclude Include="MovementComponent.h">
      <Filter>Source Files\Logic\Components</Filter>
    </ClInclude>
    <ClInclude Include="GBuffer.h">
      <Filter>Source Files\Rendering</Filter>
    </ClInclude>
    <ClInclude Include="HBAOInstance.h">
      <Filter>Source Files\Rendering</Filter>
    </ClInclude>
    <ClInclude Include="SSAOInstance.h">
      <Filter>Source Files\Rendering</Filter>
    </ClInclude>
    <ClInclude Include="TextureHelper.h">
      <Filter>Source Files\Rendering</Filter>
    </ClInclude>
    <ClInclude Include="ShaderHelper.h">
      <Filter>Source Files\Rendering</Filter>
    </ClInclude>
  </ItemGroup>
  <ItemGroup>
    <ClCompile Include="pch.cpp">
      <Filter>Source Files</Filter>
    </ClCompile>
    <ClCompile Include="main.cpp">
      <Filter>Source Files</Filter>
    </ClCompile>
    <ClCompile Include="GameState.cpp">
      <Filter>Source Files\Logic</Filter>
    </ClCompile>
    <ClCompile Include="RenderHandler.cpp">
      <Filter>Source Files\Rendering</Filter>
    </ClCompile>
    <ClCompile Include="GameObject.cpp">
      <Filter>Source Files\Logic</Filter>
    </ClCompile>
    <ClCompile Include="Shaders.cpp">
      <Filter>Source Files\Rendering</Filter>
    </ClCompile>
    <ClCompile Include="Application.cpp">
      <Filter>Source Files\Application</Filter>
    </ClCompile>
    <ClCompile Include="CameraObject.cpp">
      <Filter>Source Files\Logic</Filter>
    </ClCompile>
    <ClCompile Include="ShadowMapInstance.cpp">
      <Filter>Source Files\Rendering</Filter>
    </ClCompile>
    <ClCompile Include="ParticleSystem.cpp">
      <Filter>Source Files\Rendering</Filter>
    </ClCompile>
    <ClCompile Include="Includes\imGUI\imgui_widgets.cpp">
      <Filter>Source Files\Rendering\ImGUI</Filter>
    </ClCompile>
    <ClCompile Include="Includes\imGUI\imgui.cpp">
      <Filter>Source Files\Rendering\ImGUI</Filter>
    </ClCompile>
    <ClCompile Include="Includes\imGUI\imgui_demo.cpp">
      <Filter>Source Files\Rendering\ImGUI</Filter>
    </ClCompile>
    <ClCompile Include="Includes\imGUI\imgui_draw.cpp">
      <Filter>Source Files\Rendering\ImGUI</Filter>
    </ClCompile>
    <ClCompile Include="Includes\imGUI\imgui_impl_dx11.cpp">
      <Filter>Source Files\Rendering\ImGUI</Filter>
    </ClCompile>
    <ClCompile Include="Includes\imGUI\imgui_impl_win32.cpp">
      <Filter>Source Files\Rendering\ImGUI</Filter>
    </ClCompile>
    <ClCompile Include="ModelSelectionHandler.h">
      <Filter>Source Files\Rendering\RenderObject</Filter>
    </ClCompile>
    <ClCompile Include="RenderObject.cpp">
      <Filter>Source Files\Rendering\RenderObject</Filter>
    </ClCompile>
    <ClCompile Include="DebugDraw.cpp">
      <Filter>Header Files\Utility</Filter>
    </ClCompile>
    <ClCompile Include="PhysicsComponent.h">
      <Filter>Source Files\Logic\Components</Filter>
    </ClCompile>
  </ItemGroup>
  <ItemGroup>
    <None Include="cpp.hint" />
    <None Include="packages.config" />
  </ItemGroup>
  <ItemGroup>
    <Image Include="icon.ico">
      <Filter>Header Files\Resource Files</Filter>
    </Image>
  </ItemGroup>
  <ItemGroup>
    <FxCompile Include="Shaders\EdgePreservingBlurCS.hlsl">
      <Filter>Shaders</Filter>
    </FxCompile>
    <FxCompile Include="Shaders\FullscreenQuadVS.hlsl">
      <Filter>Shaders</Filter>
    </FxCompile>
    <FxCompile Include="Shaders\GBufferPBR_PS.hlsl">
      <Filter>Shaders</Filter>
    </FxCompile>
    <FxCompile Include="Shaders\GBufferPS.hlsl">
      <Filter>Shaders</Filter>
    </FxCompile>
    <FxCompile Include="Shaders\GeneralPS.hlsl">
      <Filter>Shaders</Filter>
    </FxCompile>
    <FxCompile Include="Shaders\GeneralVS.hlsl">
      <Filter>Shaders</Filter>
    </FxCompile>
    <FxCompile Include="Shaders\HBAO_PS.hlsl">
      <Filter>Shaders</Filter>
    </FxCompile>
    <FxCompile Include="Shaders\HBAO_VS.hlsl">
      <Filter>Shaders</Filter>
    </FxCompile>
    <FxCompile Include="Shaders\LightPassPS.hlsl">
      <Filter>Shaders</Filter>
    </FxCompile>
    <FxCompile Include="Shaders\ParticleDrawGS.hlsl">
      <Filter>Shaders</Filter>
    </FxCompile>
    <FxCompile Include="Shaders\ParticleDrawPS.hlsl">
      <Filter>Shaders</Filter>
    </FxCompile>
    <FxCompile Include="Shaders\ParticleDrawVS.hlsl">
      <Filter>Shaders</Filter>
    </FxCompile>
    <FxCompile Include="Shaders\ParticleSoGS.hlsl">
      <Filter>Shaders</Filter>
    </FxCompile>
    <FxCompile Include="Shaders\ParticleSoVS.hlsl">
      <Filter>Shaders</Filter>
    </FxCompile>
    <FxCompile Include="Shaders\PBR_PS.hlsl">
      <Filter>Shaders</Filter>
    </FxCompile>
    <FxCompile Include="Shaders\SelectionPS.hlsl">
      <Filter>Shaders</Filter>
    </FxCompile>
    <FxCompile Include="Shaders\SelectionVS.hlsl">
      <Filter>Shaders</Filter>
    </FxCompile>
    <FxCompile Include="Shaders\ShadowMapPS.hlsl">
      <Filter>Shaders</Filter>
    </FxCompile>
    <FxCompile Include="Shaders\ShadowMapVS.hlsl">
      <Filter>Shaders</Filter>
    </FxCompile>
    <FxCompile Include="Shaders\SkyboxPS.hlsl">
      <Filter>Shaders</Filter>
    </FxCompile>
    <FxCompile Include="Shaders\SkyboxVS.hlsl">
      <Filter>Shaders</Filter>
    </FxCompile>
    <FxCompile Include="Shaders\SSAO_PS.hlsl">
      <Filter>Shaders</Filter>
    </FxCompile>
    <FxCompile Include="Shaders\SSAO_VS.hlsl">
      <Filter>Shaders</Filter>
    </FxCompile>
    <FxCompile Include="Shaders\SkyboxPreviewPS.hlsl">
      <Filter>Shaders</Filter>
    </FxCompile>
    <FxCompile Include="Shaders\HDRtoSDR_PS.hlsl">
      <Filter>Shaders</Filter>
    </FxCompile>
    <FxCompile Include="Shaders\BloomDownsamplingCS.hlsl">
      <Filter>Shaders</Filter>
    </FxCompile>
    <FxCompile Include="Shaders\BloomUpsamplingCS.hlsl">
      <Filter>Shaders</Filter>
    </FxCompile>
    <FxCompile Include="Shaders\AdaptiveExposureHistogramCS.hlsl">
      <Filter>Shaders</Filter>
    </FxCompile>
    <FxCompile Include="Shaders\AdaptiveExposureAveragingCS.hlsl">
      <Filter>Shaders</Filter>
    </FxCompile>
  </ItemGroup>
  <ItemGroup>
    <ResourceCompile Include="Marble_Engine_v1.1.rc">
      <Filter>Header Files\Resource Files</Filter>
    </ResourceCompile>
  </ItemGroup>
</Project>